
Microsoft Visual Studio Solution File, Format Version 12.00
Project("{FAE04EC0-301F-11D3-BF4B-00C04F79EFBC}") = "CW-7-s27864", "CW-7-s27864\CW-7-s27864.csproj", "{510F5D10-5365-4D58-89E2-4037DD511349}"
EndProject
Global
	GlobalSection(SolutionConfigurationPlatforms) = preSolution
		Debug|Any CPU = Debug|Any CPU
		Release|Any CPU = Release|Any CPU
	EndGlobalSection
	GlobalSection(ProjectConfigurationPlatforms) = postSolution
		{510F5D10-5365-4D58-89E2-4037DD511349}.Debug|Any CPU.ActiveCfg = Debug|Any CPU
		{510F5D10-5365-4D58-89E2-4037DD511349}.Debug|Any CPU.Build.0 = Debug|Any CPU
		{510F5D10-5365-4D58-89E2-4037DD511349}.Release|Any CPU.ActiveCfg = Release|Any CPU
		{510F5D10-5365-4D58-89E2-4037DD511349}.Release|Any CPU.Build.0 = Release|Any CPU
	EndGlobalSection
EndGlobal
